
Microsoft Visual Studio Solution File, Format Version 12.00
# Visual Studio Version 17
VisualStudioVersion = 17.13.35825.156 d17.13
MinimumVisualStudioVersion = 10.0.40219.1
Project("{FAE04EC0-301F-11D3-BF4B-00C04F79EFBC}") = "Homework1", "Homework1.csproj", "{D25A03C1-2C47-4973-89AB-FC731E491636}"
EndProject
Global
	GlobalSection(SolutionConfigurationPlatforms) = preSolution
		Debug|Any CPU = Debug|Any CPU
		Release|Any CPU = Release|Any CPU
	EndGlobalSection
	GlobalSection(ProjectConfigurationPlatforms) = postSolution
		{D25A03C1-2C47-4973-89AB-FC731E491636}.Debug|Any CPU.ActiveCfg = Debug|Any CPU
		{D25A03C1-2C47-4973-89AB-FC731E491636}.Debug|Any CPU.Build.0 = Debug|Any CPU
		{D25A03C1-2C47-4973-89AB-FC731E491636}.Release|Any CPU.ActiveCfg = Release|Any CPU
		{D25A03C1-2C47-4973-89AB-FC731E491636}.Release|Any CPU.Build.0 = Release|Any CPU
	EndGlobalSection
	GlobalSection(SolutionProperties) = preSolution
		HideSolutionNode = FALSE
	EndGlobalSection
	GlobalSection(ExtensibilityGlobals) = postSolution
		SolutionGuid = {B8CFE1A4-9C97-4E76-A4FA-D1414FC9C3A2}
	EndGlobalSection
EndGlobal
